
Microsoft Visual Studio Solution File, Format Version 12.00
# Visual Studio Version 17
VisualStudioVersion = 17.7.34018.315
MinimumVisualStudioVersion = 10.0.40219.1
Project("{FAE04EC0-301F-11D3-BF4B-00C04F79EFBC}") = "NZWalks.API", "NZWalks.API\NZWalks.API.csproj", "{B3DA21CB-0E5A-4A63-B7B5-C89D03E5B7F7}"
EndProject
Global
	GlobalSection(SolutionConfigurationPlatforms) = preSolution
		Debug|Any CPU = Debug|Any CPU
		Release|Any CPU = Release|Any CPU
	EndGlobalSection
	GlobalSection(ProjectConfigurationPlatforms) = postSolution
		{B3DA21CB-0E5A-4A63-B7B5-C89D03E5B7F7}.Debug|Any CPU.ActiveCfg = Debug|Any CPU
		{B3DA21CB-0E5A-4A63-B7B5-C89D03E5B7F7}.Debug|Any CPU.Build.0 = Debug|Any CPU
		{B3DA21CB-0E5A-4A63-B7B5-C89D03E5B7F7}.Release|Any CPU.ActiveCfg = Release|Any CPU
		{B3DA21CB-0E5A-4A63-B7B5-C89D03E5B7F7}.Release|Any CPU.Build.0 = Release|Any CPU
	EndGlobalSection
	GlobalSection(SolutionProperties) = preSolution
		HideSolutionNode = FALSE
	EndGlobalSection
	GlobalSection(ExtensibilityGlobals) = postSolution
		SolutionGuid = {E8422F1C-D67A-43A9-B0A0-AC1F82996235}
	EndGlobalSection
EndGlobal
